
Microsoft Visual Studio Solution File, Format Version 12.00
# Visual Studio 15
VisualStudioVersion = 15.0.28307.572
MinimumVisualStudioVersion = 10.0.40219.1
Project("{FAE04EC0-301F-11D3-BF4B-00C04F79EFBC}") = "UserManagementSystem", "UserManagementSystem\UserManagementSystem.csproj", "{F1A60284-490B-4603-B8F8-CB3BD1C7F978}"
EndProject
Global
	GlobalSection(SolutionConfigurationPlatforms) = preSolution
		Debug|Any CPU = Debug|Any CPU
		Release|Any CPU = Release|Any CPU
	EndGlobalSection
	GlobalSection(ProjectConfigurationPlatforms) = postSolution
		{F1A60284-490B-4603-B8F8-CB3BD1C7F978}.Debug|Any CPU.ActiveCfg = Debug|Any CPU
		{F1A60284-490B-4603-B8F8-CB3BD1C7F978}.Debug|Any CPU.Build.0 = Debug|Any CPU
		{F1A60284-490B-4603-B8F8-CB3BD1C7F978}.Release|Any CPU.ActiveCfg = Release|Any CPU
		{F1A60284-490B-4603-B8F8-CB3BD1C7F978}.Release|Any CPU.Build.0 = Release|Any CPU
	EndGlobalSection
	GlobalSection(SolutionProperties) = preSolution
		HideSolutionNode = FALSE
	EndGlobalSection
	GlobalSection(ExtensibilityGlobals) = postSolution
		SolutionGuid = {D996ED08-F6F3-470F-996F-25AB32201060}
	EndGlobalSection
EndGlobal
